
Microsoft Visual Studio Solution File, Format Version 12.00
# Visual Studio Version 16
VisualStudioVersion = 16.0.29613.14
MinimumVisualStudioVersion = 10.0.40219.1
Project("{FAE04EC0-301F-11D3-BF4B-00C04F79EFBC}") = "CoreWebApp", "CoreWebApp\CoreWebApp.csproj", "{BB6CA54A-C36E-49F6-8BD5-CDBEB9D84EEC}"
EndProject
Global
	GlobalSection(SolutionConfigurationPlatforms) = preSolution
		Debug|Any CPU = Debug|Any CPU
		Release|Any CPU = Release|Any CPU
	EndGlobalSection
	GlobalSection(ProjectConfigurationPlatforms) = postSolution
		{BB6CA54A-C36E-49F6-8BD5-CDBEB9D84EEC}.Debug|Any CPU.ActiveCfg = Debug|Any CPU
		{BB6CA54A-C36E-49F6-8BD5-CDBEB9D84EEC}.Debug|Any CPU.Build.0 = Debug|Any CPU
		{BB6CA54A-C36E-49F6-8BD5-CDBEB9D84EEC}.Release|Any CPU.ActiveCfg = Release|Any CPU
		{BB6CA54A-C36E-49F6-8BD5-CDBEB9D84EEC}.Release|Any CPU.Build.0 = Release|Any CPU
	EndGlobalSection
	GlobalSection(SolutionProperties) = preSolution
		HideSolutionNode = FALSE
	EndGlobalSection
	GlobalSection(ExtensibilityGlobals) = postSolution
		SolutionGuid = {E161DDCF-1B63-4351-9650-E4C14D77EF8B}
	EndGlobalSection
EndGlobal
